
Microsoft Visual Studio Solution File, Format Version 12.00
# Visual Studio Version 17
VisualStudioVersion = 17.3.32811.315
MinimumVisualStudioVersion = 10.0.40219.1
Project("{FAE04EC0-301F-11D3-BF4B-00C04F79EFBC}") = "Lengthfinder", "Lengthfinder\Lengthfinder.csproj", "{0475F056-EB68-47AC-BE2F-286985717242}"
EndProject
Project("{FAE04EC0-301F-11D3-BF4B-00C04F79EFBC}") = "lengthTest", "lengthTest\lengthTest.csproj", "{CFD2F794-71A9-4608-B35F-627974D0ABEA}"
EndProject
Global
	GlobalSection(SolutionConfigurationPlatforms) = preSolution
		Debug|Any CPU = Debug|Any CPU
		Release|Any CPU = Release|Any CPU
	EndGlobalSection
	GlobalSection(ProjectConfigurationPlatforms) = postSolution
		{0475F056-EB68-47AC-BE2F-286985717242}.Debug|Any CPU.ActiveCfg = Debug|Any CPU
		{0475F056-EB68-47AC-BE2F-286985717242}.Debug|Any CPU.Build.0 = Debug|Any CPU
		{0475F056-EB68-47AC-BE2F-286985717242}.Release|Any CPU.ActiveCfg = Release|Any CPU
		{0475F056-EB68-47AC-BE2F-286985717242}.Release|Any CPU.Build.0 = Release|Any CPU
		{CFD2F794-71A9-4608-B35F-627974D0ABEA}.Debug|Any CPU.ActiveCfg = Debug|Any CPU
		{CFD2F794-71A9-4608-B35F-627974D0ABEA}.Debug|Any CPU.Build.0 = Debug|Any CPU
		{CFD2F794-71A9-4608-B35F-627974D0ABEA}.Release|Any CPU.ActiveCfg = Release|Any CPU
		{CFD2F794-71A9-4608-B35F-627974D0ABEA}.Release|Any CPU.Build.0 = Release|Any CPU
	EndGlobalSection
	GlobalSection(SolutionProperties) = preSolution
		HideSolutionNode = FALSE
	EndGlobalSection
	GlobalSection(ExtensibilityGlobals) = postSolution
		SolutionGuid = {663C0BA5-E6F1-47F3-AC7D-4853B434BC2C}
	EndGlobalSection
EndGlobal
